
Microsoft Visual Studio Solution File, Format Version 12.00
Project("{FAE04EC0-301F-11D3-BF4B-00C04F79EFBC}") = "ArchiveStatus.Web", "ArchiveStatus.Web\ArchiveStatus.Web.csproj", "{082FDA07-E570-4F30-99AC-CECE412FB886}"
EndProject
Global
	GlobalSection(SolutionConfigurationPlatforms) = preSolution
		Debug|Any CPU = Debug|Any CPU
		Release|Any CPU = Release|Any CPU
	EndGlobalSection
	GlobalSection(ProjectConfigurationPlatforms) = postSolution
		{082FDA07-E570-4F30-99AC-CECE412FB886}.Debug|Any CPU.ActiveCfg = Debug|Any CPU
		{082FDA07-E570-4F30-99AC-CECE412FB886}.Debug|Any CPU.Build.0 = Debug|Any CPU
		{082FDA07-E570-4F30-99AC-CECE412FB886}.Release|Any CPU.ActiveCfg = Release|Any CPU
		{082FDA07-E570-4F30-99AC-CECE412FB886}.Release|Any CPU.Build.0 = Release|Any CPU
	EndGlobalSection
EndGlobal
